
Microsoft Visual Studio Solution File, Format Version 12.00
# Visual Studio 15
VisualStudioVersion = 15.0.28307.1169
MinimumVisualStudioVersion = 10.0.40219.1
Project("{8BC9CEB8-8B4A-11D0-8D11-00A0C91BC942}") = "QQ2", "QQ2\QQ2.vcxproj", "{E32000FD-9FBC-4FFA-B4D9-B16B7D41CC08}"
EndProject
Global
	GlobalSection(SolutionConfigurationPlatforms) = preSolution
		Debug|x64 = Debug|x64
		Release|x64 = Release|x64
	EndGlobalSection
	GlobalSection(ProjectConfigurationPlatforms) = postSolution
		{E32000FD-9FBC-4FFA-B4D9-B16B7D41CC08}.Debug|x64.ActiveCfg = Debug|x64
		{E32000FD-9FBC-4FFA-B4D9-B16B7D41CC08}.Debug|x64.Build.0 = Debug|x64
		{E32000FD-9FBC-4FFA-B4D9-B16B7D41CC08}.Release|x64.ActiveCfg = Release|x64
		{E32000FD-9FBC-4FFA-B4D9-B16B7D41CC08}.Release|x64.Build.0 = Release|x64
	EndGlobalSection
	GlobalSection(SolutionProperties) = preSolution
		HideSolutionNode = FALSE
	EndGlobalSection
	GlobalSection(ExtensibilityGlobals) = postSolution
		SolutionGuid = {91D2B3F7-AD14-4C67-84F5-D7A0B8B54593}
	EndGlobalSection
EndGlobal
